// !$*UTF8*$!
{
	archiveVersion = 1;
	classes = {
	};
	objectVersion = 56;
	objects = {

/* Begin PBXBuildFile section */
		183053022BBFCB42009F961D /* AllApps.swift in Sources */ = {isa = PBXBuildFile; fileRef = 183053012BBFCB42009F961D /* AllApps.swift */; };
		183053042BC1693D009F961D /* DarkMode+Helpers.swift in Sources */ = {isa = PBXBuildFile; fileRef = 183053032BC1693D009F961D /* DarkMode+Helpers.swift */; };
		18947EF02BBAF007008E50B8 /* iOS_FinalApp.swift in Sources */ = {isa = PBXBuildFile; fileRef = 18947EEF2BBAF007008E50B8 /* iOS_FinalApp.swift */; };
		18947EF22BBAF007008E50B8 /* ContentView.swift in Sources */ = {isa = PBXBuildFile; fileRef = 18947EF12BBAF007008E50B8 /* ContentView.swift */; };
		18947EF42BBAF008008E50B8 /* Assets.xcassets in Resources */ = {isa = PBXBuildFile; fileRef = 18947EF32BBAF008008E50B8 /* Assets.xcassets */; };
		18947EF72BBAF008008E50B8 /* Preview Assets.xcassets in Resources */ = {isa = PBXBuildFile; fileRef = 18947EF62BBAF008008E50B8 /* Preview Assets.xcassets */; };
		18947F1C2BBAF14C008E50B8 /* IntroScreen.swift in Sources */ = {isa = PBXBuildFile; fileRef = 18947F1B2BBAF14C008E50B8 /* IntroScreen.swift */; };
		18947F202BBAF52B008E50B8 /* Constants.swift in Sources */ = {isa = PBXBuildFile; fileRef = 18947F1F2BBAF52B008E50B8 /* Constants.swift */; };
		18947F222BBAFC05008E50B8 /* Tab.swift in Sources */ = {isa = PBXBuildFile; fileRef = 18947F212BBAFC05008E50B8 /* Tab.swift */; };
		18947F252BBBD13F008E50B8 /* Recents.swift in Sources */ = {isa = PBXBuildFile; fileRef = 18947F242BBBD13F008E50B8 /* Recents.swift */; };
		18947F272BBBD14B008E50B8 /* Search.swift in Sources */ = {isa = PBXBuildFile; fileRef = 18947F262BBBD14B008E50B8 /* Search.swift */; };
		18947F292BBBD157008E50B8 /* Graphs.swift in Sources */ = {isa = PBXBuildFile; fileRef = 18947F282BBBD157008E50B8 /* Graphs.swift */; };
		18947F2B2BBBD167008E50B8 /* Settings.swift in Sources */ = {isa = PBXBuildFile; fileRef = 18947F2A2BBBD167008E50B8 /* Settings.swift */; };
		18947F2D2BBBD4B0008E50B8 /* View+Extentions.swift in Sources */ = {isa = PBXBuildFile; fileRef = 18947F2C2BBBD4B0008E50B8 /* View+Extentions.swift */; };
/* End PBXBuildFile section */

/* Begin PBXFileReference section */
		183053012BBFCB42009F961D /* AllApps.swift */ = {isa = PBXFileReference; lastKnownFileType = sourcecode.swift; path = AllApps.swift; sourceTree = "<group>"; };
		183053032BC1693D009F961D /* DarkMode+Helpers.swift */ = {isa = PBXFileReference; lastKnownFileType = sourcecode.swift; path = "DarkMode+Helpers.swift"; sourceTree = "<group>"; };
		18947EEC2BBAF007008E50B8 /* iOS_Final.app */ = {isa = PBXFileReference; explicitFileType = wrapper.application; includeInIndex = 0; path = iOS_Final.app; sourceTree = BUILT_PRODUCTS_DIR; };
		18947EEF2BBAF007008E50B8 /* iOS_FinalApp.swift */ = {isa = PBXFileReference; lastKnownFileType = sourcecode.swift; path = iOS_FinalApp.swift; sourceTree = "<group>"; };
		18947EF12BBAF007008E50B8 /* ContentView.swift */ = {isa = PBXFileReference; lastKnownFileType = sourcecode.swift; path = ContentView.swift; sourceTree = "<group>"; };
		18947EF32BBAF008008E50B8 /* Assets.xcassets */ = {isa = PBXFileReference; lastKnownFileType = folder.assetcatalog; path = Assets.xcassets; sourceTree = "<group>"; };
		18947EF62BBAF008008E50B8 /* Preview Assets.xcassets */ = {isa = PBXFileReference; lastKnownFileType = folder.assetcatalog; path = "Preview Assets.xcassets"; sourceTree = "<group>"; };
		18947F1B2BBAF14C008E50B8 /* IntroScreen.swift */ = {isa = PBXFileReference; lastKnownFileType = sourcecode.swift; path = IntroScreen.swift; sourceTree = "<group>"; };
		18947F1F2BBAF52B008E50B8 /* Constants.swift */ = {isa = PBXFileReference; lastKnownFileType = sourcecode.swift; path = Constants.swift; sourceTree = "<group>"; };
		18947F212BBAFC05008E50B8 /* Tab.swift */ = {isa = PBXFileReference; lastKnownFileType = sourcecode.swift; path = Tab.swift; sourceTree = "<group>"; };
		18947F242BBBD13F008E50B8 /* Recents.swift */ = {isa = PBXFileReference; lastKnownFileType = sourcecode.swift; path = Recents.swift; sourceTree = "<group>"; };
		18947F262BBBD14B008E50B8 /* Search.swift */ = {isa = PBXFileReference; lastKnownFileType = sourcecode.swift; path = Search.swift; sourceTree = "<group>"; };
		18947F282BBBD157008E50B8 /* Graphs.swift */ = {isa = PBXFileReference; lastKnownFileType = sourcecode.swift; path = Graphs.swift; sourceTree = "<group>"; };
		18947F2A2BBBD167008E50B8 /* Settings.swift */ = {isa = PBXFileReference; lastKnownFileType = sourcecode.swift; path = Settings.swift; sourceTree = "<group>"; };
		18947F2C2BBBD4B0008E50B8 /* View+Extentions.swift */ = {isa = PBXFileReference; lastKnownFileType = sourcecode.swift; path = "View+Extentions.swift"; sourceTree = "<group>"; };
/* End PBXFileReference section */

/* Begin PBXFrameworksBuildPhase section */
		18947EE92BBAF007008E50B8 /* Frameworks */ = {
			isa = PBXFrameworksBuildPhase;
			buildActionMask = 2147483647;
			files = (
			);
			runOnlyForDeploymentPostprocessing = 0;
		};
/* End PBXFrameworksBuildPhase section */

/* Begin PBXGroup section */
		18947EE32BBAF007008E50B8 = {
			isa = PBXGroup;
			children = (
				18947EEE2BBAF007008E50B8 /* iOS_Final */,
				18947EED2BBAF007008E50B8 /* Products */,
			);
			sourceTree = "<group>";
		};
		18947EED2BBAF007008E50B8 /* Products */ = {
			isa = PBXGroup;
			children = (
				18947EEC2BBAF007008E50B8 /* iOS_Final.app */,
			);
			name = Products;
			sourceTree = "<group>";
		};
		18947EEE2BBAF007008E50B8 /* iOS_Final */ = {
			isa = PBXGroup;
			children = (
				18947F1E2BBAF508008E50B8 /* Helpers */,
				18947F1A2BBAF130008E50B8 /* Model */,
				18947F192BBAF12B008E50B8 /* View */,
				18947EEF2BBAF007008E50B8 /* iOS_FinalApp.swift */,
				18947EF12BBAF007008E50B8 /* ContentView.swift */,
				18947EF32BBAF008008E50B8 /* Assets.xcassets */,
				18947EF52BBAF008008E50B8 /* Preview Content */,
			);
			path = iOS_Final;
			sourceTree = "<group>";
		};
		18947EF52BBAF008008E50B8 /* Preview Content */ = {
			isa = PBXGroup;
			children = (
				18947EF62BBAF008008E50B8 /* Preview Assets.xcassets */,
			);
			path = "Preview Content";
			sourceTree = "<group>";
		};
		18947F192BBAF12B008E50B8 /* View */ = {
			isa = PBXGroup;
			children = (
				18947F232BBBD12F008E50B8 /* TabView */,
				18947F1B2BBAF14C008E50B8 /* IntroScreen.swift */,
			);
			path = View;
			sourceTree = "<group>";
		};
		18947F1A2BBAF130008E50B8 /* Model */ = {
			isa = PBXGroup;
			children = (
				18947F212BBAFC05008E50B8 /* Tab.swift */,
			);
			path = Model;
			sourceTree = "<group>";
		};
		18947F1E2BBAF508008E50B8 /* Helpers */ = {
			isa = PBXGroup;
			children = (
				18947F1F2BBAF52B008E50B8 /* Constants.swift */,
				18947F2C2BBBD4B0008E50B8 /* View+Extentions.swift */,
				183053032BC1693D009F961D /* DarkMode+Helpers.swift */,
			);
			path = Helpers;
			sourceTree = "<group>";
		};
		18947F232BBBD12F008E50B8 /* TabView */ = {
			isa = PBXGroup;
			children = (
				18947F242BBBD13F008E50B8 /* Recents.swift */,
				18947F262BBBD14B008E50B8 /* Search.swift */,
				18947F282BBBD157008E50B8 /* Graphs.swift */,
				183053012BBFCB42009F961D /* AllApps.swift */,
				18947F2A2BBBD167008E50B8 /* Settings.swift */,
			);
			path = TabView;
			sourceTree = "<group>";
		};
/* End PBXGroup section */

/* Begin PBXNativeTarget section */
		18947EEB2BBAF007008E50B8 /* iOS_Final */ = {
			isa = PBXNativeTarget;
			buildConfigurationList = 18947EFA2BBAF008008E50B8 /* Build configuration list for PBXNativeTarget "iOS_Final" */;
			buildPhases = (
				18947EE82BBAF007008E50B8 /* Sources */,
				18947EE92BBAF007008E50B8 /* Frameworks */,
				18947EEA2BBAF007008E50B8 /* Resources */,
			);
			buildRules = (
			);
			dependencies = (
			);
			name = iOS_Final;
			productName = iOS_Final;
			productReference = 18947EEC2BBAF007008E50B8 /* iOS_Final.app */;
			productType = "com.apple.product-type.application";
		};
/* End PBXNativeTarget section */

/* Begin PBXProject section */
		18947EE42BBAF007008E50B8 /* Project object */ = {
			isa = PBXProject;
			attributes = {
				BuildIndependentTargetsInParallel = 1;
				LastSwiftUpdateCheck = 1530;
				LastUpgradeCheck = 1530;
				TargetAttributes = {
					18947EEB2BBAF007008E50B8 = {
						CreatedOnToolsVersion = 15.3;
					};
				};
			};
			buildConfigurationList = 18947EE72BBAF007008E50B8 /* Build configuration list for PBXProject "iOS_Final" */;
			compatibilityVersion = "Xcode 14.0";
			developmentRegion = en;
			hasScannedForEncodings = 0;
			knownRegions = (
				en,
				Base,
			);
			mainGroup = 18947EE32BBAF007008E50B8;
			productRefGroup = 18947EED2BBAF007008E50B8 /* Products */;
			projectDirPath = "";
			projectRoot = "";
			targets = (
				18947EEB2BBAF007008E50B8 /* iOS_Final */,
			);
		};
/* End PBXProject section */

/* Begin PBXResourcesBuildPhase section */
		18947EEA2BBAF007008E50B8 /* Resources */ = {
			isa = PBXResourcesBuildPhase;
			buildActionMask = 2147483647;
			files = (
				18947EF72BBAF008008E50B8 /* Preview Assets.xcassets in Resources */,
				18947EF42BBAF008008E50B8 /* Assets.xcassets in Resources */,
			);
			runOnlyForDeploymentPostprocessing = 0;
		};
/* End PBXResourcesBuildPhase section */

/* Begin PBXSourcesBuildPhase section */
		18947EE82BBAF007008E50B8 /* Sources */ = {
			isa = PBXSourcesBuildPhase;
			buildActionMask = 2147483647;
			files = (
				18947EF22BBAF007008E50B8 /* ContentView.swift in Sources */,
				18947F1C2BBAF14C008E50B8 /* IntroScreen.swift in Sources */,
				18947F222BBAFC05008E50B8 /* Tab.swift in Sources */,
				18947EF02BBAF007008E50B8 /* iOS_FinalApp.swift in Sources */,
				18947F292BBBD157008E50B8 /* Graphs.swift in Sources */,
				18947F252BBBD13F008E50B8 /* Recents.swift in Sources */,
				18947F2B2BBBD167008E50B8 /* Settings.swift in Sources */,
				18947F202BBAF52B008E50B8 /* Constants.swift in Sources */,
				18947F272BBBD14B008E50B8 /* Search.swift in Sources */,
				18947F2D2BBBD4B0008E50B8 /* View+Extentions.swift in Sources */,
				183053042BC1693D009F961D /* DarkMode+Helpers.swift in Sources */,
				183053022BBFCB42009F961D /* AllApps.swift in Sources */,
			);
			runOnlyForDeploymentPostprocessing = 0;
		};
/* End PBXSourcesBuildPhase section */

/* Begin XCBuildConfiguration section */
		18947EF82BBAF008008E50B8 /* Debug */ = {
			isa = XCBuildConfiguration;
			buildSettings = {
				ALWAYS_SEARCH_USER_PATHS = NO;
				ASSETCATALOG_COMPILER_GENERATE_SWIFT_ASSET_SYMBOL_EXTENSIONS = YES;
				CLANG_ANALYZER_NONNULL = YES;
				CLANG_ANALYZER_NUMBER_OBJECT_CONVERSION = YES_AGGRESSIVE;
				CLANG_CXX_LANGUAGE_STANDARD = "gnu++20";
				CLANG_ENABLE_MODULES = YES;
				CLANG_ENABLE_OBJC_ARC = YES;
				CLANG_ENABLE_OBJC_WEAK = YES;
				CLANG_WARN_BLOCK_CAPTURE_AUTORELEASING = YES;
				CLANG_WARN_BOOL_CONVERSION = YES;
				CLANG_WARN_COMMA = YES;
				CLANG_WARN_CONSTANT_CONVERSION = YES;
				CLANG_WARN_DEPRECATED_OBJC_IMPLEMENTATIONS = YES;
				CLANG_WARN_DIRECT_OBJC_ISA_USAGE = YES_ERROR;
				CLANG_WARN_DOCUMENTATION_COMMENTS = YES;
				CLANG_WARN_EMPTY_BODY = YES;
				CLANG_WARN_ENUM_CONVERSION = YES;
				CLANG_WARN_INFINITE_RECURSION = YES;
				CLANG_WARN_INT_CONVERSION = YES;
				CLANG_WARN_NON_LITERAL_NULL_CONVERSION = YES;
				CLANG_WARN_OBJC_IMPLICIT_RETAIN_SELF = YES;
				CLANG_WARN_OBJC_LITERAL_CONVERSION = YES;
				CLANG_WARN_OBJC_ROOT_CLASS = YES_ERROR;
				CLANG_WARN_QUOTED_INCLUDE_IN_FRAMEWORK_HEADER = YES;
				CLANG_WARN_RANGE_LOOP_ANALYSIS = YES;
				CLANG_WARN_STRICT_PROTOTYPES = YES;
				CLANG_WARN_SUSPICIOUS_MOVE = YES;
				CLANG_WARN_UNGUARDED_AVAILABILITY = YES_AGGRESSIVE;
				CLANG_WARN_UNREACHABLE_CODE = YES;
				CLANG_WARN__DUPLICATE_METHOD_MATCH = YES;
				COPY_PHASE_STRIP = NO;
				DEBUG_INFORMATION_FORMAT = dwarf;
				ENABLE_STRICT_OBJC_MSGSEND = YES;
				ENABLE_TESTABILITY = YES;
				ENABLE_USER_SCRIPT_SANDBOXING = YES;
				GCC_C_LANGUAGE_STANDARD = gnu17;
				GCC_DYNAMIC_NO_PIC = NO;
				GCC_NO_COMMON_BLOCKS = YES;
				GCC_OPTIMIZATION_LEVEL = 0;
				GCC_PREPROCESSOR_DEFINITIONS = (
					"DEBUG=1",
					"$(inherited)",
				);
				GCC_WARN_64_TO_32_BIT_CONVERSION = YES;
				GCC_WARN_ABOUT_RETURN_TYPE = YES_ERROR;
				GCC_WARN_UNDECLARED_SELECTOR = YES;
				GCC_WARN_UNINITIALIZED_AUTOS = YES_AGGRESSIVE;
				GCC_WARN_UNUSED_FUNCTION = YES;
				GCC_WARN_UNUSED_VARIABLE = YES;
				IPHONEOS_DEPLOYMENT_TARGET = 17.4;
				LOCALIZATION_PREFERS_STRING_CATALOGS = YES;
				MTL_ENABLE_DEBUG_INFO = INCLUDE_SOURCE;
				MTL_FAST_MATH = YES;
				ONLY_ACTIVE_ARCH = YES;
				SDKROOT = iphoneos;
				SWIFT_ACTIVE_COMPILATION_CONDITIONS = "DEBUG $(inherited)";
				SWIFT_OPTIMIZATION_LEVEL = "-Onone";
			};
			name = Debug;
		};
		18947EF92BBAF008008E50B8 /* Release */ = {
			isa = XCBuildConfiguration;
			buildSettings = {
				ALWAYS_SEARCH_USER_PATHS = NO;
				ASSETCATALOG_COMPILER_GENERATE_SWIFT_ASSET_SYMBOL_EXTENSIONS = YES;
				CLANG_ANALYZER_NONNULL = YES;
				CLANG_ANALYZER_NUMBER_OBJECT_CONVERSION = YES_AGGRESSIVE;
				CLANG_CXX_LANGUAGE_STANDARD = "gnu++20";
				CLANG_ENABLE_MODULES = YES;
				CLANG_ENABLE_OBJC_ARC = YES;
				CLANG_ENABLE_OBJC_WEAK = YES;
				CLANG_WARN_BLOCK_CAPTURE_AUTORELEASING = YES;
				CLANG_WARN_BOOL_CONVERSION = YES;
				CLANG_WARN_COMMA = YES;
				CLANG_WARN_CONSTANT_CONVERSION = YES;
				CLANG_WARN_DEPRECATED_OBJC_IMPLEMENTATIONS = YES;
				CLANG_WARN_DIRECT_OBJC_ISA_USAGE = YES_ERROR;
				CLANG_WARN_DOCUMENTATION_COMMENTS = YES;
				CLANG_WARN_EMPTY_BODY = YES;
				CLANG_WARN_ENUM_CONVERSION = YES;
				CLANG_WARN_INFINITE_RECURSION = YES;
				CLANG_WARN_INT_CONVERSION = YES;
				CLANG_WARN_NON_LITERAL_NULL_CONVERSION = YES;
				CLANG_WARN_OBJC_IMPLICIT_RETAIN_SELF = YES;
				CLANG_WARN_OBJC_LITERAL_CONVERSION = YES;
				CLANG_WARN_OBJC_ROOT_CLASS = YES_ERROR;
				CLANG_WARN_QUOTED_INCLUDE_IN_FRAMEWORK_HEADER = YES;
				CLANG_WARN_RANGE_LOOP_ANALYSIS = YES;
				CLANG_WARN_STRICT_PROTOTYPES = YES;
				CLANG_WARN_SUSPICIOUS_MOVE = YES;
				CLANG_WARN_UNGUARDED_AVAILABILITY = YES_AGGRESSIVE;
				CLANG_WARN_UNREACHABLE_CODE = YES;
				CLANG_WARN__DUPLICATE_METHOD_MATCH = YES;
				COPY_PHASE_STRIP = NO;
				DEBUG_INFORMATION_FORMAT = "dwarf-with-dsym";
				ENABLE_NS_ASSERTIONS = NO;
				ENABLE_STRICT_OBJC_MSGSEND = YES;
				ENABLE_USER_SCRIPT_SANDBOXING = YES;
				GCC_C_LANGUAGE_STANDARD = gnu17;
				GCC_NO_COMMON_BLOCKS = YES;
				GCC_WARN_64_TO_32_BIT_CONVERSION = YES;
				GCC_WARN_ABOUT_RETURN_TYPE = YES_ERROR;
				GCC_WARN_UNDECLARED_SELECTOR = YES;
				GCC_WARN_UNINITIALIZED_AUTOS = YES_AGGRESSIVE;
				GCC_WARN_UNUSED_FUNCTION = YES;
				GCC_WARN_UNUSED_VARIABLE = YES;
				IPHONEOS_DEPLOYMENT_TARGET = 17.4;
				LOCALIZATION_PREFERS_STRING_CATALOGS = YES;
				MTL_ENABLE_DEBUG_INFO = NO;
				MTL_FAST_MATH = YES;
				SDKROOT = iphoneos;
				SWIFT_COMPILATION_MODE = wholemodule;
				VALIDATE_PRODUCT = YES;
			};
			name = Release;
		};
		18947EFB2BBAF008008E50B8 /* Debug */ = {
			isa = XCBuildConfiguration;
			buildSettings = {
				ASSETCATALOG_COMPILER_APPICON_NAME = AppIcon;
				ASSETCATALOG_COMPILER_GLOBAL_ACCENT_COLOR_NAME = AccentColor;
				CODE_SIGN_STYLE = Automatic;
				CURRENT_PROJECT_VERSION = 1;
				DEVELOPMENT_ASSET_PATHS = "\"iOS_Final/Preview Content\"";
				ENABLE_PREVIEWS = YES;
				GENERATE_INFOPLIST_FILE = YES;
				INFOPLIST_KEY_UIApplicationSceneManifest_Generation = YES;
				INFOPLIST_KEY_UIApplicationSupportsIndirectInputEvents = YES;
				INFOPLIST_KEY_UILaunchScreen_Generation = YES;
				INFOPLIST_KEY_UISupportedInterfaceOrientations_iPad = "UIInterfaceOrientationPortrait UIInterfaceOrientationPortraitUpsideDown UIInterfaceOrientationLandscapeLeft UIInterfaceOrientationLandscapeRight";
				INFOPLIST_KEY_UISupportedInterfaceOrientations_iPhone = "UIInterfaceOrientationPortrait UIInterfaceOrientationLandscapeLeft UIInterfaceOrientationLandscapeRight";
				LD_RUNPATH_SEARCH_PATHS = (
					"$(inherited)",
					"@executable_path/Frameworks",
				);
				MARKETING_VERSION = 1.0;
				PRODUCT_BUNDLE_IDENTIFIER = "cosci.iOS-Final";
				PRODUCT_NAME = "$(TARGET_NAME)";
				SWIFT_EMIT_LOC_STRINGS = YES;
				SWIFT_VERSION = 5.0;
				TARGETED_DEVICE_FAMILY = "1,2";
			};
			name = Debug;
		};
		18947EFC2BBAF008008E50B8 /* Release */ = {
			isa = XCBuildConfiguration;
			buildSettings = {
				ASSETCATALOG_COMPILER_APPICON_NAME = AppIcon;
				ASSETCATALOG_COMPILER_GLOBAL_ACCENT_COLOR_NAME = AccentColor;
				CODE_SIGN_STYLE = Automatic;
				CURRENT_PROJECT_VERSION = 1;
				DEVELOPMENT_ASSET_PATHS = "\"iOS_Final/Preview Content\"";
				ENABLE_PREVIEWS = YES;
				GENERATE_INFOPLIST_FILE = YES;
				INFOPLIST_KEY_UIApplicationSceneManifest_Generation = YES;
				INFOPLIST_KEY_UIApplicationSupportsIndirectInputEvents = YES;
				INFOPLIST_KEY_UILaunchScreen_Generation = YES;
				INFOPLIST_KEY_UISupportedInterfaceOrientations_iPad = "UIInterfaceOrientationPortrait UIInterfaceOrientationPortraitUpsideDown UIInterfaceOrientationLandscapeLeft UIInterfaceOrientationLandscapeRight";
				INFOPLIST_KEY_UISupportedInterfaceOrientations_iPhone = "UIInterfaceOrientationPortrait UIInterfaceOrientationLandscapeLeft UIInterfaceOrientationLandscapeRight";
				LD_RUNPATH_SEARCH_PATHS = (
					"$(inherited)",
					"@executable_path/Frameworks",
				);
				MARKETING_VERSION = 1.0;
				PRODUCT_BUNDLE_IDENTIFIER = "cosci.iOS-Final";
				PRODUCT_NAME = "$(TARGET_NAME)";
				SWIFT_EMIT_LOC_STRINGS = YES;
				SWIFT_VERSION = 5.0;
				TARGETED_DEVICE_FAMILY = "1,2";
			};
			name = Release;
		};
/* End XCBuildConfiguration section */

/* Begin XCConfigurationList section */
		18947EE72BBAF007008E50B8 /* Build configuration list for PBXProject "iOS_Final" */ = {
			isa = XCConfigurationList;
			buildConfigurations = (
				18947EF82BBAF008008E50B8 /* Debug */,
				18947EF92BBAF008008E50B8 /* Release */,
			);
			defaultConfigurationIsVisible = 0;
			defaultConfigurationName = Release;
		};
		18947EFA2BBAF008008E50B8 /* Build configuration list for PBXNativeTarget "iOS_Final" */ = {
			isa = XCConfigurationList;
			buildConfigurations = (
				18947EFB2BBAF008008E50B8 /* Debug */,
				18947EFC2BBAF008008E50B8 /* Release */,
			);
			defaultConfigurationIsVisible = 0;
			defaultConfigurationName = Release;
		};
/* End XCConfigurationList section */
	};
	rootObject = 18947EE42BBAF007008E50B8 /* Project object */;
}
